{
  "requires": true,
  "lockfileVersion": 1,
  "dependencies": {
    "bulma": {
      "version": "0.9.4",
      "resolved": "https://registry.npmjs.org/bulma/-/bulma-0.9.4.tgz",
      "integrity": "sha512-86FlT5+1GrsgKbPLRRY7cGDg8fsJiP/jzTqXXVqiUZZ2aZT8uemEOHlU1CDU+TxklPEZ11HZNNWclRBBecP4CQ=="
    },
    "classnames": {
      "version": "2.3.1",
      "resolved": "https://registry.npmjs.org/classnames/-/classnames-2.3.1.tgz",
      "integrity": "sha512-OlQdbZ7gLfGarSqxesMesDa5uz7KFbID8Kpq/SxIoNGDqY8lSYs0D+hhtBXhcdB3rcbXArFr7vlHheLk1voeNA=="
    },
    "react-bulma-components": {
      "version": "4.1.0",
      "resolved": "https://registry.npmjs.org/react-bulma-components/-/react-bulma-components-4.1.0.tgz",
      "integrity": "sha512-keETQwNOBidiX1nrwBPsfcQBQbOQHXB9yQvjNpebdZgzqpcU07wKyxDwFQhHAsNK+YrsppSACQPKZSYqIlX0iw==",
      "requires": {
        "classnames": "2.3.1"
      }
    }
  }
}
